Microsoft Visual Studio Solution File, Format Version 12.00
# Visual Studio Version 17
VisualStudioVersion = 17.5.2.0
MinimumVisualStudioVersion = 10.0.40219.1
Project("{FAE04EC0-301F-11D3-BF4B-00C04F79EFBC}") = "FinancialExcelEditor", "FinancialExcelEditor\FinancialExcelEditor.csproj", "{6FE85689-AB9D-CDD3-B3A9-316C0DF0621A}"
EndProject
Global
	GlobalSection(SolutionConfigurationPlatforms) = preSolution
		Debug|Any CPU = Debug|Any CPU
		Release|Any CPU = Release|Any CPU
	EndGlobalSection
	GlobalSection(ProjectConfigurationPlatforms) = postSolution
		{6FE85689-AB9D-CDD3-B3A9-316C0DF0621A}.Debug|Any CPU.ActiveCfg = Debug|Any CPU
		{6FE85689-AB9D-CDD3-B3A9-316C0DF0621A}.Debug|Any CPU.Build.0 = Debug|Any CPU
		{6FE85689-AB9D-CDD3-B3A9-316C0DF0621A}.Release|Any CPU.ActiveCfg = Release|Any CPU
		{6FE85689-AB9D-CDD3-B3A9-316C0DF0621A}.Release|Any CPU.Build.0 = Release|Any CPU
	EndGlobalSection
	GlobalSection(SolutionProperties) = preSolution
		HideSolutionNode = FALSE
	EndGlobalSection
	GlobalSection(ExtensibilityGlobals) = postSolution
		SolutionGuid = {0F4B744A-F0D8-4117-8E01-80888045EC8C}
	EndGlobalSection
EndGlobal
